
Microsoft Visual Studio Solution File, Format Version 12.00
# Visual Studio Version 16
VisualStudioVersion = 16.0.30011.22
MinimumVisualStudioVersion = 10.0.40219.1
Project("{FAE04EC0-301F-11D3-BF4B-00C04F79EFBC}") = "TestProjectGroupF", "TestProjectGroupF\TestProjectGroupF.csproj", "{1786FAB0-FB19-47A8-A82C-4793E3431540}"
EndProject
Global
	GlobalSection(SolutionConfigurationPlatforms) = preSolution
		Debug|Any CPU = Debug|Any CPU
		Release|Any CPU = Release|Any CPU
	EndGlobalSection
	GlobalSection(ProjectConfigurationPlatforms) = postSolution
		{1786FAB0-FB19-47A8-A82C-4793E3431540}.Debug|Any CPU.ActiveCfg = Debug|Any CPU
		{1786FAB0-FB19-47A8-A82C-4793E3431540}.Debug|Any CPU.Build.0 = Debug|Any CPU
		{1786FAB0-FB19-47A8-A82C-4793E3431540}.Release|Any CPU.ActiveCfg = Release|Any CPU
		{1786FAB0-FB19-47A8-A82C-4793E3431540}.Release|Any CPU.Build.0 = Release|Any CPU
	EndGlobalSection
	GlobalSection(SolutionProperties) = preSolution
		HideSolutionNode = FALSE
	EndGlobalSection
	GlobalSection(ExtensibilityGlobals) = postSolution
		SolutionGuid = {F22EA930-B783-454D-B528-9A5DDE084A51}
	EndGlobalSection
EndGlobal
